
Microsoft Visual Studio Solution File, Format Version 12.00
# Visual Studio 2013
VisualStudioVersion = 12.0.21005.1
MinimumVisualStudioVersion = 10.0.40219.1
Project("{FAE04EC0-301F-11D3-BF4B-00C04F79EFBC}") = "EFGeneric", "EFGeneric\EFGeneric.csproj", "{E87F5786-147E-43DB-BCA8-1EA8FA53FCC5}"
EndProject
Project("{FAE04EC0-301F-11D3-BF4B-00C04F79EFBC}") = "EFAnotatedPOC", "..\..\EFAnotatedPOC\EFAnotatedPOC\EFAnotatedPOC\EFAnotatedPOC.csproj", "{800F8C6D-324A-4C16-BF84-B4665CEC26C3}"
EndProject
Global
	GlobalSection(SolutionConfigurationPlatforms) = preSolution
		Debug|Any CPU = Debug|Any CPU
		Release|Any CPU = Release|Any CPU
	EndGlobalSection
	GlobalSection(ProjectConfigurationPlatforms) = postSolution
		{E87F5786-147E-43DB-BCA8-1EA8FA53FCC5}.Debug|Any CPU.ActiveCfg = Debug|Any CPU
		{E87F5786-147E-43DB-BCA8-1EA8FA53FCC5}.Debug|Any CPU.Build.0 = Debug|Any CPU
		{E87F5786-147E-43DB-BCA8-1EA8FA53FCC5}.Release|Any CPU.ActiveCfg = Release|Any CPU
		{E87F5786-147E-43DB-BCA8-1EA8FA53FCC5}.Release|Any CPU.Build.0 = Release|Any CPU
		{800F8C6D-324A-4C16-BF84-B4665CEC26C3}.Debug|Any CPU.ActiveCfg = Debug|Any CPU
		{800F8C6D-324A-4C16-BF84-B4665CEC26C3}.Debug|Any CPU.Build.0 = Debug|Any CPU
		{800F8C6D-324A-4C16-BF84-B4665CEC26C3}.Release|Any CPU.ActiveCfg = Release|Any CPU
		{800F8C6D-324A-4C16-BF84-B4665CEC26C3}.Release|Any CPU.Build.0 = Release|Any CPU
	EndGlobalSection
	GlobalSection(SolutionProperties) = preSolution
		HideSolutionNode = FALSE
	EndGlobalSection
EndGlobal
